
Microsoft Visual Studio Solution File, Format Version 12.00
# Visual Studio Version 17
VisualStudioVersion = 17.3.32825.248
MinimumVisualStudioVersion = 10.0.40219.1
Project("{FAE04EC0-301F-11D3-BF4B-00C04F79EFBC}") = "DoorLock_6Num", "DoorLock_6Num.csproj", "{A6FFE54D-DDE2-49DD-99D6-4BC1EBFCA1B9}"
EndProject
Global
	GlobalSection(SolutionConfigurationPlatforms) = preSolution
		Debug|Any CPU = Debug|Any CPU
		Release|Any CPU = Release|Any CPU
	EndGlobalSection
	GlobalSection(ProjectConfigurationPlatforms) = postSolution
		{A6FFE54D-DDE2-49DD-99D6-4BC1EBFCA1B9}.Debug|Any CPU.ActiveCfg = Debug|Any CPU
		{A6FFE54D-DDE2-49DD-99D6-4BC1EBFCA1B9}.Debug|Any CPU.Build.0 = Debug|Any CPU
		{A6FFE54D-DDE2-49DD-99D6-4BC1EBFCA1B9}.Release|Any CPU.ActiveCfg = Release|Any CPU
		{A6FFE54D-DDE2-49DD-99D6-4BC1EBFCA1B9}.Release|Any CPU.Build.0 = Release|Any CPU
	EndGlobalSection
	GlobalSection(SolutionProperties) = preSolution
		HideSolutionNode = FALSE
	EndGlobalSection
	GlobalSection(ExtensibilityGlobals) = postSolution
		SolutionGuid = {22F160BC-F446-4F02-9717-54EE26D45B40}
	EndGlobalSection
EndGlobal
