
Microsoft Visual Studio Solution File, Format Version 12.00
# Visual Studio Version 17
VisualStudioVersion = 17.3.32901.215
MinimumVisualStudioVersion = 10.0.40219.1
Project("{FAE04EC0-301F-11D3-BF4B-00C04F79EFBC}") = "DoorLock_6Num_For", "DoorLock_6Num_For.csproj", "{A55F4D21-090E-4C40-84DB-16468A02B1B0}"
EndProject
Global
	GlobalSection(SolutionConfigurationPlatforms) = preSolution
		Debug|Any CPU = Debug|Any CPU
		Release|Any CPU = Release|Any CPU
	EndGlobalSection
	GlobalSection(ProjectConfigurationPlatforms) = postSolution
		{A55F4D21-090E-4C40-84DB-16468A02B1B0}.Debug|Any CPU.ActiveCfg = Debug|Any CPU
		{A55F4D21-090E-4C40-84DB-16468A02B1B0}.Debug|Any CPU.Build.0 = Debug|Any CPU
		{A55F4D21-090E-4C40-84DB-16468A02B1B0}.Release|Any CPU.ActiveCfg = Release|Any CPU
		{A55F4D21-090E-4C40-84DB-16468A02B1B0}.Release|Any CPU.Build.0 = Release|Any CPU
	EndGlobalSection
	GlobalSection(SolutionProperties) = preSolution
		HideSolutionNode = FALSE
	EndGlobalSection
	GlobalSection(ExtensibilityGlobals) = postSolution
		SolutionGuid = {E7F57886-61CA-43C2-BD6C-27588D21942C}
	EndGlobalSection
EndGlobal
